{
    "_meta": {
        "hash": {
            "sha256": "68ff0ba67e1290ef2ccd9684a0ce3a36525071dca52dd288753a5c11c7e245a3"
        },
        "pipfile-spec": 6,
        "requires": {
            "python_version": "3.12"
        },
        "sources": [
            {
                "name": "pypi",
                "url": "https://pypi.org/simple",
                "verify_ssl": true
            }
        ]
    },
    "default": {
        "annotated-types": {
            "hashes": [
                "sha256:1f02e8b43a8fbbc3f3e0d4f0f4bfc8131bcb4eebe8849b8e5c773f3a1c582a53",
                "sha256:aff07c09a53a08bc8cfccb9c85b05f1aa9a2a6f23728d790723543408344ce89"
            ],
            "markers": "python_version >= '3.8'",
            "version": "==0.7.0"
        },
        "anyio": {
            "hashes": [
                "sha256:673c0c244e15788651a4ff38710fea9675823028a6f08a5eda409e0c9840a028",
                "sha256:9f76d541cad6e36af7beb62e978876f3b41e3e04f2c1fbf0884604c0a9c4d93c"
            ],
            "markers": "python_version >= '3.9'",
            "version": "==4.9.0"
        },
        "certifi": {
            "hashes": [
                "sha256:6b31f564a415d79ee77df69d757bb49a5bb53bd9f756cbbe24394ffd6fc1f4b2",
                "sha256:8ea99dbdfaaf2ba2f9bac77b9249ef62ec5218e7c2b2e903378ed5fccf765995"
            ],
            "markers": "python_version >= '3.7'",
            "version": "==2025.7.14"
        },
        "click": {
            "hashes": [
                "sha256:63c132bbbed01578a06712a2d1f497bb62d9c1c0d329b7903a866228027263b2",
                "sha256:ed53c9d8990d83c2a27deae68e4ee337473f6330c040a31d4225c9574d16096a"
            ],
            "index": "pypi",
            "markers": "python_version >= '3.7'",
            "version": "==8.1.8"
        },
        "fastapi": {
            "hashes": [
                "sha256:2c9bab24667293b501cad8dd388c05240c850b58ec5876ee3283c47d6e1e3a4d",
                "sha256:f3817eac96fe4f65a2ebb4baa000f394e55f5fccdaf7f75250804bc58f354f73"
            ],
            "index": "pypi",
            "markers": "python_version >= '3.8'",
            "version": "==0.109.2"
        },
        "h11": {
            "hashes": [
                "sha256:4e35b956cf45792e4caa5885e69fba00bdbc6ffafbfa020300e549b208ee5ff1",
                "sha256:63cf8bbe7522de3bf65932fda1d9c2772064ffb3dae62d55932da54b31cb6c86"
            ],
            "markers": "python_version >= '3.8'",
            "version": "==0.16.0"
        },
        "httpcore": {
            "hashes": [
                "sha256:2d400746a40668fc9dec9810239072b40b4484b640a8c38fd654a024c7a1bf55",
                "sha256:6e34463af53fd2ab5d807f399a9b45ea31c3dfa2276f15a2c3f00afff6e176e8"
            ],
            "markers": "python_version >= '3.8'",
            "version": "==1.0.9"
        },
        "httpx": {
            "hashes": [
                "sha256:451b55c30d5185ea6b23c2c793abf9bb237d2a7dfb901ced6ff69ad37ec1dfaf",
                "sha256:8915f5a3627c4d47b73e8202457cb28f1266982d1159bd5779d86a80c0eab1cd"
            ],
            "index": "pypi",
            "markers": "python_version >= '3.8'",
            "version": "==0.26.0"
        },
        "idna": {
            "hashes": [
                "sha256:12f65c9b470abda6dc35cf8e63cc574b1c52b11df2c86030af0ac09b01b13ea9",
                "sha256:946d195a0d259cbba61165e88e65941f16e9b36ea6ddb97f00452bae8b1287d3"
            ],
            "markers": "python_version >= '3.6'",
            "version": "==3.10"
        },
        "pydantic": {
            "hashes": [
                "sha256:b3ef57c62535b0941697cce638c08900d87fcb67e29cfa99e8a68f747f393f7a",
                "sha256:d0caf5954bee831b6bfe7e338c32b9e30c85dfe080c843680783ac2b631673b4"
            ],
            "index": "pypi",
            "markers": "python_version >= '3.7'",
            "version": "==2.5.3"
        },
        "pydantic-core": {
            "hashes": [
                "sha256:00646784f6cd993b1e1c0e7b0fdcbccc375d539db95555477771c27555e3c556",
                "sha256:00b1087dabcee0b0ffd104f9f53d7d3eaddfaa314cdd6726143af6bc713aa27e",
                "sha256:0348b1dc6b76041516e8a854ff95b21c55f5a411c3297d2ca52f5528e49d8411",
                "sha256:036137b5ad0cb0004c75b579445a1efccd072387a36c7f217bb8efd1afbe5245",
                "sha256:095b707bb287bfd534044166ab767bec70a9bba3175dcdc3371782175c14e43c",
                "sha256:0c08de15d50fa190d577e8591f0329a643eeaed696d7771760295998aca6bc66",
                "sha256:1302a54f87b5cd8528e4d6d1bf2133b6aa7c6122ff8e9dc5220fbc1e07bffebd",
                "sha256:172de779e2a153d36ee690dbc49c6db568d7b33b18dc56b69a7514aecbcf380d",
                "sha256:1b027c86c66b8627eb90e57aee1f526df77dc6d8b354ec498be9a757d513b92b",
                "sha256:1ce830e480f6774608dedfd4a90c42aac4a7af0a711f1b52f807130c2e434c06",
                "sha256:1fd0c1d395372843fba13a51c28e3bb9d59bd7aebfeb17358ffaaa1e4dbbe948",
                "sha256:23598acb8ccaa3d1d875ef3b35cb6376535095e9405d91a3d57a8c7db5d29341",
                "sha256:24368e31be2c88bd69340fbfe741b405302993242ccb476c5c3ff48aeee1afe0",
                "sha256:26a92ae76f75d1915806b77cf459811e772d8f71fd1e4339c99750f0e7f6324f",
                "sha256:27e524624eace5c59af499cd97dc18bb201dc6a7a2da24bfc66ef151c69a5f2a",
                "sha256:2b8719037e570639e6b665a4050add43134d80b687288ba3ade18b22bbb29dd2",
                "sha256:2c5bcf3414367e29f83fd66f7de64509a8fd2368b1edf4351e862910727d3e51",
                "sha256:2dbe357bc4ddda078f79d2a36fc1dd0494a7f2fad83a0a684465b6f24b46fe80",
                "sha256:2f5fa187bde8524b1e37ba894db13aadd64faa884657473b03a019f625cee9a8",
                "sha256:2f6ffc6701a0eb28648c845f4945a194dc7ab3c651f535b81793251e1185ac3d",
                "sha256:314ccc4264ce7d854941231cf71b592e30d8d368a71e50197c905874feacc8a8",
                "sha256:36026d8f99c58d7044413e1b819a67ca0e0b8ebe0f25e775e6c3d1fabb3c38fb",
                "sha256:36099c69f6b14fc2c49d7996cbf4f87ec4f0e66d1c74aa05228583225a07b590",
                "sha256:36fa402dcdc8ea7f1b0ddcf0df4254cc6b2e08f8cd80e7010d4c4ae6e86b2a87",
                "sha256:370ffecb5316ed23b667d99ce4debe53ea664b99cc37bfa2af47bc769056d534",
                "sha256:3860c62057acd95cc84044e758e47b18dcd8871a328ebc8ccdefd18b0d26a21b",
                "sha256:399ac0891c284fa8eb998bcfa323f2234858f5d2efca3950ae58c8f88830f145",
                "sha256:3a0b5db001b98e1c649dd55afa928e75aa4087e587b9524a4992316fa23c9fba",
                "sha256:3dcf1978be02153c6a31692d4fbcc2a3f1db9da36039ead23173bc256ee3b91b",
                "sha256:4241204e4b36ab5ae466ecec5c4c16527a054c69f99bba20f6f75232a6a534e2",
                "sha256:438027a975cc213a47c5d70672e0d29776082155cfae540c4e225716586be75e",
                "sha256:43e166ad47ba900f2542a80d83f9fc65fe99eb63ceec4debec160ae729824052",
                "sha256:478e9e7b360dfec451daafe286998d4a1eeaecf6d69c427b834ae771cad4b622",
                "sha256:4ce8299b481bcb68e5c82002b96e411796b844d72b3e92a3fbedfe8e19813eab",
                "sha256:4f86f1f318e56f5cbb282fe61eb84767aee743ebe32c7c0834690ebea50c0a6b",
                "sha256:55a23dcd98c858c0db44fc5c04fc7ed81c4b4d33c653a7c45ddaebf6563a2f66",
                "sha256:599c87d79cab2a6a2a9df4aefe0455e61e7d2aeede2f8577c1b7c0aec643ee8e",
                "sha256:5aa90562bc079c6c290f0512b21768967f9968e4cfea84ea4ff5af5d917016e4",
                "sha256:64634ccf9d671c6be242a664a33c4acf12882670b09b3f163cd00a24cffbd74e",
                "sha256:667aa2eac9cd0700af1ddb38b7b1ef246d8cf94c85637cbb03d7757ca4c3fdec",
                "sha256:6a31d98c0d69776c2576dda4b77b8e0c69ad08e8b539c25c7d0ca0dc19a50d6c",
                "sha256:6af4b3f52cc65f8a0bc8b1cd9676f8c21ef3e9132f21fed250f6958bd7223bed",
                "sha256:6c8edaea3089bf908dd27da8f5d9e395c5b4dc092dbcce9b65e7156099b4b937",
                "sha256:71d72ca5eaaa8d38c8df16b7deb1a2da4f650c41b58bb142f3fb75d5ad4a611f",
                "sha256:72f9a942d739f09cd42fffe5dc759928217649f070056f03c70df14f5770acf9",
                "sha256:747265448cb57a9f37572a488a57d873fd96bf51e5bb7edb52cfb37124516da4",
                "sha256:75ec284328b60a4e91010c1acade0c30584f28a1f345bc8f72fe8b9e46ec6a96",
                "sha256:78d0768ee59baa3de0f4adac9e3748b4b1fffc52143caebddfd5ea2961595277",
                "sha256:78ee52ecc088c61cce32b2d30a826f929e1708f7b9247dc3b921aec367dc1b23",
                "sha256:7be719e4d2ae6c314f72844ba9d69e38dff342bc360379f7c8537c48e23034b7",
                "sha256:7e1f4744eea1501404b20b0ac059ff7e3f96a97d3e3f48ce27a139e053bb370b",
                "sha256:7e90d6cc4aad2cc1f5e16ed56e46cebf4877c62403a311af20459c15da76fd91",
                "sha256:7ebe3416785f65c28f4f9441e916bfc8a54179c8dea73c23023f7086fa601c5d",
                "sha256:7f41533d7e3cf9520065f610b41ac1c76bc2161415955fbcead4981b22c7611e",
                "sha256:7f5025db12fc6de7bc1104d826d5aee1d172f9ba6ca936bf6474c2148ac336c1",
                "sha256:86c963186ca5e50d5c8287b1d1c9d3f8f024cbe343d048c5bd282aec2d8641f2",
                "sha256:86ce5fcfc3accf3a07a729779d0b86c5d0309a4764c897d86c11089be61da160",
                "sha256:8a14c192c1d724c3acbfb3f10a958c55a2638391319ce8078cb36c02283959b9",
                "sha256:8b93785eadaef932e4fe9c6e12ba67beb1b3f1e5495631419c784ab87e975670",
                "sha256:8ed1af8692bd8d2a29d702f1a2e6065416d76897d726e45a1775b1444f5928a7",
                "sha256:92879bce89f91f4b2416eba4429c7b5ca22c45ef4a499c39f0c5c69257522c7c",
                "sha256:94fc0e6621e07d1e91c44e016cc0b189b48db053061cc22d6298a611de8071bb",
                "sha256:982487f8931067a32e72d40ab6b47b1628a9c5d344be7f1a4e668fb462d2da42",
                "sha256:9862bf828112e19685b76ca499b379338fd4c5c269d897e218b2ae8fcb80139d",
                "sha256:99b14dbea2fdb563d8b5a57c9badfcd72083f6006caf8e126b491519c7d64ca8",
                "sha256:9c6a5c79b28003543db3ba67d1df336f253a87d3112dac3a51b94f7d48e4c0e1",
                "sha256:a19b794f8fe6569472ff77602437ec4430f9b2b9ec7a1105cfd2232f9ba355e6",
                "sha256:a306cdd2ad3a7d795d8e617a58c3a2ed0f76c8496fb7621b6cd514eb1532cae8",
                "sha256:a3dde6cac75e0b0902778978d3b1646ca9f438654395a362cb21d9ad34b24acf",
                "sha256:a874f21f87c485310944b2b2734cd6d318765bcbb7515eead33af9641816506e",
                "sha256:a983cca5ed1dd9a35e9e42ebf9f278d344603bfcb174ff99a5815f953925140a",
                "sha256:aca48506a9c20f68ee61c87f2008f81f8ee99f8d7f0104bff3c47e2d148f89d9",
                "sha256:b2602177668f89b38b9f84b7b3435d0a72511ddef45dc14446811759b82235a1",
                "sha256:b3e5fe4538001bb82e2295b8d2a39356a84694c97cb73a566dc36328b9f83b40",
                "sha256:b6ca36c12a5120bad343eef193cc0122928c5c7466121da7c20f41160ba00ba2",
                "sha256:b89f4477d915ea43b4ceea6756f63f0288941b6443a2b28c69004fe07fde0d0d",
                "sha256:b9a9d92f10772d2a181b5ca339dee066ab7d1c9a34ae2421b2a52556e719756f",
                "sha256:c99462ffc538717b3e60151dfaf91125f637e801f5ab008f81c402f1dff0cd0f",
                "sha256:cb92f9061657287eded380d7dc455bbf115430b3aa4741bdc662d02977e7d0af",
                "sha256:cdee837710ef6b56ebd20245b83799fce40b265b3b406e51e8ccc5b85b9099b7",
                "sha256:cf10b7d58ae4a1f07fccbf4a0a956d705356fea05fb4c70608bb6fa81d103cda",
                "sha256:d15687d7d7f40333bd8266f3814c591c2e2cd263fa2116e314f60d82086e353a",
                "sha256:d5c28525c19f5bb1e09511669bb57353d22b94cf8b65f3a8d141c389a55dec95",
                "sha256:d5f916acf8afbcab6bacbb376ba7dc61f845367901ecd5e328fc4d4aef2fcab0",
                "sha256:dab03ed811ed1c71d700ed08bde8431cf429bbe59e423394f0f4055f1ca0ea60",
                "sha256:db453f2da3f59a348f514cfbfeb042393b68720787bbef2b4c6068ea362c8149",
                "sha256:de2a0645a923ba57c5527497daf8ec5df69c6eadf869e9cd46e86349146e5975",
                "sha256:dea7fcd62915fb150cdc373212141a30037e11b761fbced340e9db3379b892d4",
                "sha256:dfcbebdb3c4b6f739a91769aea5ed615023f3c88cb70df812849aef634c25fbe",
                "sha256:dfcebb950aa7e667ec226a442722134539e77c575f6cfaa423f24371bb8d2e94",
                "sha256:e0641b506486f0b4cd1500a2a65740243e8670a2549bb02bc4556a83af84ae03",
                "sha256:e33b0834f1cf779aa839975f9d8755a7c2420510c0fa1e9fa0497de77cd35d2c",
                "sha256:e4ace1e220b078c8e48e82c081e35002038657e4b37d403ce940fa679e57113b",
                "sha256:e4cf2d5829f6963a5483ec01578ee76d329eb5caf330ecd05b3edd697e7d768a",
                "sha256:e574de99d735b3fc8364cba9912c2bec2da78775eba95cbb225ef7dda6acea24",
                "sha256:e646c0e282e960345314f42f2cea5e0b5f56938c093541ea6dbf11aec2862391",
                "sha256:e8a5ac97ea521d7bde7621d86c30e86b798cdecd985723c4ed737a2aa9e77d0c",
                "sha256:eedf97be7bc3dbc8addcef4142f4b4164066df0c6f36397ae4aaed3eb187d8ab",
                "sha256:ef633add81832f4b56d3b4c9408b43d530dfca29e68fb1b797dcb861a2c734cd",
                "sha256:f27207e8ca3e5e021e2402ba942e5b4c629718e665c81b8b306f3c8b1ddbb786",
                "sha256:f85f3843bdb1fe80e8c206fe6eed7a1caeae897e496542cee499c374a85c6e08",
                "sha256:f8e81e4b55930e5ffab4a68db1af431629cf2e4066dbdbfef65348b8ab804ea8",
                "sha256:f96ae96a060a8072ceff4cfde89d261837b4294a4f28b84a28765470d502ccc6",
                "sha256:fd9e98b408384989ea4ab60206b8e100d8687da18b5c813c11e92fd8212a98e0",
                "sha256:ffff855100bc066ff2cd3aa4a60bc9534661816b110f0243e59503ec2df38421"
            ],
            "markers": "python_version >= '3.7'",
            "version": "==2.14.6"
        },
        "redis": {
            "hashes": [
                "sha256:0c5b10d387568dfe0698c6fad6615750c24170e548ca2deac10c649d463e9870",
                "sha256:56134ee08ea909106090934adc36f65c9bcbbaecea5b21ba704ba6fb561f8eb4"
            ],
            "index": "pypi",
            "markers": "python_version >= '3.7'",
            "version": "==5.0.8"
        },
        "sniffio": {
            "hashes": [
                "sha256:2f6da418d1f1e0fddd844478f41680e794e6051915791a034ff65e5f100525a2",
                "sha256:f4324edc670a0f49750a81b895f35c3adb843cca46f0530f79fc1babb23789dc"
            ],
            "markers": "python_version >= '3.7'",
            "version": "==1.3.1"
        },
        "starlette": {
            "hashes": [
                "sha256:13d429aa93a61dc40bf503e8c801db1f1bca3dc706b10ef2434a36123568f044",
                "sha256:90a671733cfb35771d8cc605e0b679d23b992f8dcfad48cc60b38cb29aeb7080"
            ],
            "markers": "python_version >= '3.8'",
            "version": "==0.36.3"
        },
        "typing-extensions": {
            "hashes": [
                "sha256:38b39f4aeeab64884ce9f74c94263ef78f3c22467c8724005483154c26648d36",
                "sha256:d1e1e3b58374dc93031d6eda2420a48ea44a36c2b4766a4fdeb3710755731d76"
            ],
            "markers": "python_version >= '3.9'",
            "version": "==4.14.1"
        },
        "uvicorn": {
            "hashes": [
                "sha256:3d9a267296243532db80c83a959a3400502165ade2c1338dea4e67915fd4745a",
                "sha256:5c89da2f3895767472a35556e539fd59f7edbe9b1e9c0e1c99eebeadc61838e4"
            ],
            "index": "pypi",
            "markers": "python_version >= '3.8'",
            "version": "==0.27.1"
        }
    },
    "develop": {
        "fakeredis": {
            "extras": [
                "lua"
            ],
            "hashes": [
                "sha256:033fe5882a20ec308ed0cf67a86c1cd982a1bffa63deb0f52eaa625bd8ce305f",
                "sha256:e9e1c309d49d83c4ce1ab6f3ee2e56787f6a5573a305109017bf140334dd396d"
            ],
            "markers": "python_version >= '3.7' and python_version < '4.0'",
            "version": "==2.21.3"
        },
        "iniconfig": {
            "hashes": [
                "sha256:3abbd2e30b36733fee78f9c7f7308f2d0050e88f0087fd25c2645f63c773e1c7",
                "sha256:9deba5723312380e77435581c6bf4935c94cbfab9b1ed33ef8d238ea168eb760"
            ],
            "markers": "python_version >= '3.8'",
            "version": "==2.1.0"
        },
        "lupa": {
            "hashes": [
                "sha256:0014935935862d3acf0f96dfa9ce6657720ece6918feaf76eb7c63948ba03a58",
                "sha256:01433c46562ee9a64779627de34ccef38241a926b5325f03fe7859d73d8d2393",
                "sha256:0148bd1a1391d9fa3d14e0e4a07118f4091bdde7eb49cad98d417b4e5368ab77",
                "sha256:05f7c091d59ef267e2572a7580c23093ce89894ed2755b68159a5a271b0b48eb",
                "sha256:07d91df9994c8a17e16d9923684ea810dfc2ecd290503e100a1525ed3aa48bc8",
                "sha256:0b95f89fcc84601cc04e2a637e9029754ad43487ed50a13d8183db03b273b468",
                "sha256:102538780e8a6164944fff6bf93737d7cb8bf9e6f7146baa56184755fadb96d5",
                "sha256:1d969ee4eed04788e7a5fa24613dcbc2fff6ef4e978a8ced4746f752092d70a9",
                "sha256:1e1187cd2e02a567e83ed23c95982c1a610e8eb308216ebe9567487340c4375e",
                "sha256:1e4451134e094b0a985a9af9cd1ace535f2531a4906274d7675ebb0d790a80a1",
                "sha256:1ea65fb8046bf2c7cf39dfb3677ce5e25d5ea1330e7f9bce9b274fcdf55db29b",
                "sha256:2478053c6d30b6c46a969a5ffb02181f35a5b299fc5481e99ba5ae63f0f0a63f",
                "sha256:29688640ebb88c317a76e41111de360b0dd38e833949928d76792dba2ba5cb0a",
                "sha256:2a848ed378fbfcf735780116265bd2e68600691efefb4f7ff326a4ac089189d5",
                "sha256:2acb20dd5b0b345389ac0ac714def772eb5ebdbc9500fcabedd42f206747be42",
                "sha256:366e98069d20164632d66cd8c0820fcb4d8fea1214364e1614d19bf69086e29f",
                "sha256:370e8a554eeb404d1aa0c62516e5a8241615735c936a5c87a6e9042146ed0d6e",
                "sha256:3e7a9ae6f39015b07c44c32fe76fe8c3997451c7fd30a6fc12da3a78de502480",
                "sha256:4326c120ae18de3fed09ea37be792a568a8433c7f3e01e0c7e32f883d98fc5a5",
                "sha256:4b4a4a030e6a075e940a36311d44b4e2609778253ea10f933cf61786182cffed",
                "sha256:4c4c2ec16e4f3be2c995a645eec42aebb094522c2d70f41df33bfc71f7a19406",
                "sha256:4d468e6d9612fdfb43f44f2d077d7a389aa6bdf0b8ec57b4da2f96748cd99af6",
                "sha256:5249ac3eb11aeba0e25dbc20d53352cd04d2e48299a412d187200d492fd0fd63",
                "sha256:56e7e29980635a34422b9bc074015c3fc0a1ed354df6866ed27092b385b06839",
                "sha256:58bb044c788ad72b6b017e1f1513f7c2ef2a92f0d76f1b11bb0344f6bc82c623",
                "sha256:5a9c12e74faaea60ae50a6d2670eb7e7cfc0b036045912bb37a15753a702fc28",
                "sha256:5cfbbec4cb74ad70b5d1747de1537095e21cb57ca70d2a6186738322d82cf917",
                "sha256:5f3ca676d9c0de54529392c9d3303d42d16f736e651ec51170bd7f3aaff9325a",
                "sha256:613714679e0b64f5bb06cd72581f9694735e682c70dbdc5cbefa11ff58da0352",
                "sha256:61f09dbb8af779d78f90d71811798710a29b455c6948ea51365eefc0ab142a0d",
                "sha256:62a810cb5270dd3f983db49f65518c1c060e7575beb464b80feafbb6b54baba1",
                "sha256:62af309cea7742c54640e9c94058e4aed783963be9372572212d3d9fa50741cb",
                "sha256:671c7c38197a2d11040bb0e05593063ee62b29a67c982dda688bb2ef30b81670",
                "sha256:69c6a89f2b7b08a3040d7ed2a1eeccba37a31ddc92fa199339c53a2ae3c48c34",
                "sha256:7451a5381676f5968ad5eedbc51a7c692d9bb62b0f89e4d26ed56aa6cf342123",
                "sha256:78308d2ea41e2fae47659fe671725d5346d61d9d894d22b36e427f259b5a0cf1",
                "sha256:789acf7f98e1328a2744e19dd7cb92c08e2d6397d5b9e8810954d5192499d2ae",
                "sha256:7b3e258528a89f973a5e4a1b7d268a84bb1ae6e39912cfe5373c5a81ac8b82b6",
                "sha256:7d28842fcd98ef1f0b825ae1e0b9568710eb4c522fb5dffa53255024c7816b84",
                "sha256:82a845a5d93766fde05fc4094a27382f5253af97b699a36d496ca3cdf6afe769",
                "sha256:85635865409320efa9e6b95f64176317a2409a3f4e261e032094c48f783eb5f5",
                "sha256:858e40d67292e524416da37993ec08290f29ad804608457803d8c570970623a7",
                "sha256:867430dde43c8cf463cd72d03b07a9158f2bee79bbdae08b0fb1e6e32982853e",
                "sha256:91e45661a8871d3b2d73cefebb4793e1e461697836479f1969a2e7cbd5486b85",
                "sha256:953aa2bb0649ed08df911a001d845626d72b31e108da38701ed1116c22b3768f",
                "sha256:9f6b2d6e2b909e8ca1a746286881e718864d44d862596e4aae769dd9f63efcda",
                "sha256:a35c8fce1e71dd9b57486407f783de32fba938a62b806d1ebe747a5e0475958a",
                "sha256:b4ed0d6dfb7246bc5c85f998c3507b0bd1b16553924eaf0834c4d896a60ee0cd",
                "sha256:c240a9a77990ff2a7f7269330beec824a7b0a825abbb8bba3100d767799b86d1",
                "sha256:c42b64a17a1cbca3344742ef51add827591f4a710cc7746ef37997fcc2f27409",
                "sha256:c6133fa7d193e590f52266afedbeb55ae6dbb8c6def6f3a2074b10edfdb44727",
                "sha256:c843bbb0160052ae9726791bdda919b11ef4a318e5d117a67fa0d7e7a204f4a8",
                "sha256:cb2656da6005eb7eeadb3bb77d471665a95f81ebd5c10e03e0c17c29e2a6d821",
                "sha256:d070b9a2e8ffae07a0bdfcb6e791755d7be237e07df2d02ea1962e1393c1f0c9",
                "sha256:d126bea5b69778eeb15277b0f3c362604a5509bdab1fc768d8d4e4f97ec5a922",
                "sha256:d161fdd6ca5ed5f63e4cf0d2ef671c39092a2c0d886fdbff14f4938238144525",
                "sha256:d5235bf6880544f6b357513ba508f70a2d0363ae8bd94d696ba564b458435dbf",
                "sha256:d75aa4ad8c4a3bb7f8357cb764fa886cedf13d052a50bf730105d76a72e22833",
                "sha256:e372577ac3b54a4d13d43e43de2111ad48b6fabb8f7545f40bcd989e6c13b128",
                "sha256:e51b0d1dee87a95f54b35f376a6eaa1143147ce3c5d89ba027772fb327555db6",
                "sha256:e6bc86dd2cc2e4751e7f44fd925a6a88da822136dc9d20b37a2aac858850acf0",
                "sha256:e8bfdc69ebbc12271d9dfdb821bf6d5943887f8ec48acc4b19516c0a21bf98cf",
                "sha256:e8d52999947d3d09c1dd2cf572cfb90a0ced3185f702e75f4b1a3ba4276b3c97",
                "sha256:ec223da758c920f2e2b20e934a7761e233ad24121e6bba4708b7d3aafff9a513",
                "sha256:ec8a77bcdecc8842a57dc9509ac04f2694b205fa6de9e69b584b100ed4631668",
                "sha256:fa8cd11211c965d4fd1a79897d407d2614e60910936b2c2522303488331a712e"
            ],
            "version": "==2.5"
        },
        "packaging": {
            "hashes": [
                "sha256:29572ef2b1f17581046b3a2227d5c611fb25ec70ca1ba8554b24b0e69331a484",
                "sha256:d443872c98d677bf60f6a1f2f8c1cb748e8fe762d2bf9d3148b5599295b0fc4f"
            ],
            "markers": "python_version >= '3.8'",
            "version": "==25.0"
        },
        "pluggy": {
            "hashes": [
                "sha256:7dcc130b76258d33b90f61b658791dede3486c3e6bfb003ee5c9bfb396dd22f3",
                "sha256:e920276dd6813095e9377c0bc5566d94c932c33b27a3e3945d8389c374dd4746"
            ],
            "markers": "python_version >= '3.9'",
            "version": "==1.6.0"
        },
        "pytest": {
            "hashes": [
                "sha256:d4051d623a2e0b7e51960ba963193b09ce6daeb9759a451844a21e4ddedfc1bd",
                "sha256:edfaaef32ce5172d5466b5127b42e0d6d35ebbe4453f0e3505d96afd93f6b096"
            ],
            "index": "pypi",
            "markers": "python_version >= '3.8'",
            "version": "==8.0.2"
        },
        "pytest-asyncio": {
            "hashes": [
                "sha256:50265d892689a5faefb84df80819d1ecef566eb3549cf915dfb33569359d1ce2",
                "sha256:759b10b33a6dc61cce40a8bd5205e302978bbbcc00e279a8b61d9a6a3c82e4d3"
            ],
            "index": "pypi",
            "markers": "python_version >= '3.8'",
            "version": "==0.23.8"
        },
        "redis": {
            "hashes": [
                "sha256:0c5b10d387568dfe0698c6fad6615750c24170e548ca2deac10c649d463e9870",
                "sha256:56134ee08ea909106090934adc36f65c9bcbbaecea5b21ba704ba6fb561f8eb4"
            ],
            "index": "pypi",
            "markers": "python_version >= '3.7'",
            "version": "==5.0.8"
        },
        "sortedcontainers": {
            "hashes": [
                "sha256:25caa5a06cc30b6b83d11423433f65d1f9d76c4c6a0c90e3379eaa43b9bfdb88",
                "sha256:a163dcaede0f1c021485e957a39245190e74249897e2ae4b2aa38595db237ee0"
            ],
            "version": "==2.4.0"
        }
    }
}
